{
  "name": "@1001/erc721-contract-extensions",
  "version": "1.0.0",
  "lockfileVersion": 2,
  "requires": true,
  "packages": {
    "": {
      "name": "@1001/erc721-contract-extensions",
      "version": "1.0.0",
      "license": "MIT",
      "peerDependencies": {
        "@openzeppelin/contracts": "^4.2.0"
      }
    },
    "node_modules/@openzeppelin/contracts": {
      "version": "4.2.0",
      "resolved": "https://registry.npmjs.org/@openzeppelin/contracts/-/contracts-4.2.0.tgz",
      "integrity": "sha512-LD4NnkKpHHSMo5z9MvFsG4g1xxZUDqV3A3Futu3nvyfs4wPwXxqOgMaxOoa2PeyGL2VNeSlbxT54enbQzGcgJQ==",
      "peer": true
    }
  },
  "dependencies": {
    "@openzeppelin/contracts": {
      "version": "4.2.0",
      "resolved": "https://registry.npmjs.org/@openzeppelin/contracts/-/contracts-4.2.0.tgz",
      "integrity": "sha512-LD4NnkKpHHSMo5z9MvFsG4g1xxZUDqV3A3Futu3nvyfs4wPwXxqOgMaxOoa2PeyGL2VNeSlbxT54enbQzGcgJQ==",
      "peer": true
    }
  }
}
